
Microsoft Visual Studio Solution File, Format Version 12.00
# Visual Studio Version 17
VisualStudioVersion = 17.3.32929.385
MinimumVisualStudioVersion = 10.0.40219.1
Project("{FAE04EC0-301F-11D3-BF4B-00C04F79EFBC}") = "DiceRollerLab", "DiceRollerLab\DiceRollerLab.csproj", "{4698F297-F202-4C84-AF60-FD65D73A5C5E}"
EndProject
Global
	GlobalSection(SolutionConfigurationPlatforms) = preSolution
		Debug|Any CPU = Debug|Any CPU
		Release|Any CPU = Release|Any CPU
	EndGlobalSection
	GlobalSection(ProjectConfigurationPlatforms) = postSolution
		{4698F297-F202-4C84-AF60-FD65D73A5C5E}.Debug|Any CPU.ActiveCfg = Debug|Any CPU
		{4698F297-F202-4C84-AF60-FD65D73A5C5E}.Debug|Any CPU.Build.0 = Debug|Any CPU
		{4698F297-F202-4C84-AF60-FD65D73A5C5E}.Release|Any CPU.ActiveCfg = Release|Any CPU
		{4698F297-F202-4C84-AF60-FD65D73A5C5E}.Release|Any CPU.Build.0 = Release|Any CPU
	EndGlobalSection
	GlobalSection(SolutionProperties) = preSolution
		HideSolutionNode = FALSE
	EndGlobalSection
	GlobalSection(ExtensibilityGlobals) = postSolution
		SolutionGuid = {80B2F247-F78A-4F41-B505-E5E0AA916086}
	EndGlobalSection
EndGlobal
